Microsoft Visual Studio Solution File, Format Version 12.00
# Visual Studio 15
VisualStudioVersion = 15.0.26124.0
MinimumVisualStudioVersion = 15.0.26124.0
Project("{2150E333-8FDC-42A3-9474-1A3956D46DE8}") = "src", "src", "{D0CA687F-2035-4D71-A278-5C280FFC7950}"
EndProject
Project("{FAE04EC0-301F-11D3-BF4B-00C04F79EFBC}") = "Common", "src\Common\Common.csproj", "{044129D6-FC8A-49E4-9CAA-168CB1D46EA3}"
EndProject
Project("{FAE04EC0-301F-11D3-BF4B-00C04F79EFBC}") = "Application", "src\Application\Application.csproj", "{C88CE3ED-AC39-428A-8AF2-55F94EE9B380}"
EndProject
Project("{FAE04EC0-301F-11D3-BF4B-00C04F79EFBC}") = "Core", "src\Core\Core.csproj", "{9B93F221-1ABB-4840-97E9-FD5D14CD6D21}"
EndProject
Project("{FAE04EC0-301F-11D3-BF4B-00C04F79EFBC}") = "Domain", "src\Domain\Domain.csproj", "{CC674F6D-B050-47D8-94A3-540900F9418B}"
EndProject
Project("{FAE04EC0-301F-11D3-BF4B-00C04F79EFBC}") = "Infrastructure", "src\Infrastructure\Infrastructure.csproj", "{2DB6D673-439E-4990-843F-B0050B2EF23C}"
EndProject
Project("{2150E333-8FDC-42A3-9474-1A3956D46DE8}") = "tests", "tests", "{64714004-876D-4D49-B06A-2B022E3C2B9B}"
EndProject
Project("{FAE04EC0-301F-11D3-BF4B-00C04F79EFBC}") = "Application.Tests", "tests\Application\Application.Tests.csproj", "{E7BE551E-2789-4F12-A726-D7F015B74AAE}"
EndProject
Project("{FAE04EC0-301F-11D3-BF4B-00C04F79EFBC}") = "Core.Tests", "tests\Core\Core.Tests.csproj", "{EED9D3EA-A146-4491-B950-913CD482FEFC}"
EndProject
Project("{FAE04EC0-301F-11D3-BF4B-00C04F79EFBC}") = "Domain.Tests", "tests\Domain\Domain.Tests.csproj", "{E72D0BC9-7001-46D4-AD47-F2476924238E}"
EndProject
Project("{FAE04EC0-301F-11D3-BF4B-00C04F79EFBC}") = "Infrastructure.Tests", "tests\Infrastructure\Infrastructure.Tests.csproj", "{FBD9E34A-0AB2-4719-B9B1-755DA6201384}"
EndProject
Project("{FAE04EC0-301F-11D3-BF4B-00C04F79EFBC}") = "WebApi.Tests", "tests\WebApi\WebApi.Tests.csproj", "{7A9DD78B-7D5F-4F3F-9AD9-EC0C246B6D36}"
EndProject
Project("{FAE04EC0-301F-11D3-BF4B-00C04F79EFBC}") = "WebApp.Tests", "tests\WebApp\WebApp.Tests.csproj", "{464354DF-243E-4CDE-9391-AA491DBE9EFD}"
EndProject
Project("{FAE04EC0-301F-11D3-BF4B-00C04F79EFBC}") = "Console", "src\Console\Console.csproj", "{4D9233DB-4F57-4635-95DC-ACC20ED3018A}"
EndProject
Project("{FAE04EC0-301F-11D3-BF4B-00C04F79EFBC}") = "Console.Tests", "Tests\Console\Console.Tests.csproj", "{DE21EA25-8395-43E1-80EE-748C400C68A0}"
EndProject
Project("{FAE04EC0-301F-11D3-BF4B-00C04F79EFBC}") = "WebApi", "src\WebApi\WebApi.csproj", "{2DAAD4C7-AF30-43B4-802F-937F6C7A5A9A}"
EndProject
Project("{FAE04EC0-301F-11D3-BF4B-00C04F79EFBC}") = "WebApp", "src\WebApp\WebApp.csproj", "{83A2CC6C-8735-41CC-8CA6-C66B711509FF}"
EndProject
Project("{FAE04EC0-301F-11D3-BF4B-00C04F79EFBC}") = "Common.Tests", "tests\Common\Common.Tests.csproj", "{E6D5B819-ECA1-4CF0-8294-8451569B91F6}"
EndProject
Project("{FAE04EC0-301F-11D3-BF4B-00C04F79EFBC}") = "Persistence", "src\Persistence\Persistence.csproj", "{3043439A-BF32-4A31-A457-6DB0FBEAE3D3}"
EndProject
Project("{FAE04EC0-301F-11D3-BF4B-00C04F79EFBC}") = "Persistence.Tests", "tests\Persistence\Persistence.Tests.csproj", "{B8EC95C0-7860-46D9-A102-CEB479CEBD0D}"
EndProject
Global
	GlobalSection(SolutionConfigurationPlatforms) = preSolution
		Debug|Any CPU = Debug|Any CPU
		Debug|x64 = Debug|x64
		Debug|x86 = Debug|x86
		Release|Any CPU = Release|Any CPU
		Release|x64 = Release|x64
		Release|x86 = Release|x86
	EndGlobalSection
	GlobalSection(SolutionProperties) = preSolution
		HideSolutionNode = FALSE
	EndGlobalSection
	GlobalSection(ProjectConfigurationPlatforms) = postSolution
		{044129D6-FC8A-49E4-9CAA-168CB1D46EA3}.Debug|Any CPU.ActiveCfg = Debug|Any CPU
		{044129D6-FC8A-49E4-9CAA-168CB1D46EA3}.Debug|Any CPU.Build.0 = Debug|Any CPU
		{044129D6-FC8A-49E4-9CAA-168CB1D46EA3}.Debug|x64.ActiveCfg = Debug|Any CPU
		{044129D6-FC8A-49E4-9CAA-168CB1D46EA3}.Debug|x64.Build.0 = Debug|Any CPU
		{044129D6-FC8A-49E4-9CAA-168CB1D46EA3}.Debug|x86.ActiveCfg = Debug|Any CPU
		{044129D6-FC8A-49E4-9CAA-168CB1D46EA3}.Debug|x86.Build.0 = Debug|Any CPU
		{044129D6-FC8A-49E4-9CAA-168CB1D46EA3}.Release|Any CPU.ActiveCfg = Release|Any CPU
		{044129D6-FC8A-49E4-9CAA-168CB1D46EA3}.Release|Any CPU.Build.0 = Release|Any CPU
		{044129D6-FC8A-49E4-9CAA-168CB1D46EA3}.Release|x64.ActiveCfg = Release|Any CPU
		{044129D6-FC8A-49E4-9CAA-168CB1D46EA3}.Release|x64.Build.0 = Release|Any CPU
		{044129D6-FC8A-49E4-9CAA-168CB1D46EA3}.Release|x86.ActiveCfg = Release|Any CPU
		{044129D6-FC8A-49E4-9CAA-168CB1D46EA3}.Release|x86.Build.0 = Release|Any CPU
		{C88CE3ED-AC39-428A-8AF2-55F94EE9B380}.Debug|Any CPU.ActiveCfg = Debug|Any CPU
		{C88CE3ED-AC39-428A-8AF2-55F94EE9B380}.Debug|Any CPU.Build.0 = Debug|Any CPU
		{C88CE3ED-AC39-428A-8AF2-55F94EE9B380}.Debug|x64.ActiveCfg = Debug|Any CPU
		{C88CE3ED-AC39-428A-8AF2-55F94EE9B380}.Debug|x64.Build.0 = Debug|Any CPU
		{C88CE3ED-AC39-428A-8AF2-55F94EE9B380}.Debug|x86.ActiveCfg = Debug|Any CPU
		{C88CE3ED-AC39-428A-8AF2-55F94EE9B380}.Debug|x86.Build.0 = Debug|Any CPU
		{C88CE3ED-AC39-428A-8AF2-55F94EE9B380}.Release|Any CPU.ActiveCfg = Release|Any CPU
		{C88CE3ED-AC39-428A-8AF2-55F94EE9B380}.Release|Any CPU.Build.0 = Release|Any CPU
		{C88CE3ED-AC39-428A-8AF2-55F94EE9B380}.Release|x64.ActiveCfg = Release|Any CPU
		{C88CE3ED-AC39-428A-8AF2-55F94EE9B380}.Release|x64.Build.0 = Release|Any CPU
		{C88CE3ED-AC39-428A-8AF2-55F94EE9B380}.Release|x86.ActiveCfg = Release|Any CPU
		{C88CE3ED-AC39-428A-8AF2-55F94EE9B380}.Release|x86.Build.0 = Release|Any CPU
		{9B93F221-1ABB-4840-97E9-FD5D14CD6D21}.Debug|Any CPU.ActiveCfg = Debug|Any CPU
		{9B93F221-1ABB-4840-97E9-FD5D14CD6D21}.Debug|Any CPU.Build.0 = Debug|Any CPU
		{9B93F221-1ABB-4840-97E9-FD5D14CD6D21}.Debug|x64.ActiveCfg = Debug|Any CPU
		{9B93F221-1ABB-4840-97E9-FD5D14CD6D21}.Debug|x64.Build.0 = Debug|Any CPU
		{9B93F221-1ABB-4840-97E9-FD5D14CD6D21}.Debug|x86.ActiveCfg = Debug|Any CPU
		{9B93F221-1ABB-4840-97E9-FD5D14CD6D21}.Debug|x86.Build.0 = Debug|Any CPU
		{9B93F221-1ABB-4840-97E9-FD5D14CD6D21}.Release|Any CPU.ActiveCfg = Release|Any CPU
		{9B93F221-1ABB-4840-97E9-FD5D14CD6D21}.Release|Any CPU.Build.0 = Release|Any CPU
		{9B93F221-1ABB-4840-97E9-FD5D14CD6D21}.Release|x64.ActiveCfg = Release|Any CPU
		{9B93F221-1ABB-4840-97E9-FD5D14CD6D21}.Release|x64.Build.0 = Release|Any CPU
		{9B93F221-1ABB-4840-97E9-FD5D14CD6D21}.Release|x86.ActiveCfg = Release|Any CPU
		{9B93F221-1ABB-4840-97E9-FD5D14CD6D21}.Release|x86.Build.0 = Release|Any CPU
		{CC674F6D-B050-47D8-94A3-540900F9418B}.Debug|Any CPU.ActiveCfg = Debug|Any CPU
		{CC674F6D-B050-47D8-94A3-540900F9418B}.Debug|Any CPU.Build.0 = Debug|Any CPU
		{CC674F6D-B050-47D8-94A3-540900F9418B}.Debug|x64.ActiveCfg = Debug|Any CPU
		{CC674F6D-B050-47D8-94A3-540900F9418B}.Debug|x64.Build.0 = Debug|Any CPU
		{CC674F6D-B050-47D8-94A3-540900F9418B}.Debug|x86.ActiveCfg = Debug|Any CPU
		{CC674F6D-B050-47D8-94A3-540900F9418B}.Debug|x86.Build.0 = Debug|Any CPU
		{CC674F6D-B050-47D8-94A3-540900F9418B}.Release|Any CPU.ActiveCfg = Release|Any CPU
		{CC674F6D-B050-47D8-94A3-540900F9418B}.Release|Any CPU.Build.0 = Release|Any CPU
		{CC674F6D-B050-47D8-94A3-540900F9418B}.Release|x64.ActiveCfg = Release|Any CPU
		{CC674F6D-B050-47D8-94A3-540900F9418B}.Release|x64.Build.0 = Release|Any CPU
		{CC674F6D-B050-47D8-94A3-540900F9418B}.Release|x86.ActiveCfg = Release|Any CPU
		{CC674F6D-B050-47D8-94A3-540900F9418B}.Release|x86.Build.0 = Release|Any CPU
		{2DB6D673-439E-4990-843F-B0050B2EF23C}.Debug|Any CPU.ActiveCfg = Debug|Any CPU
		{2DB6D673-439E-4990-843F-B0050B2EF23C}.Debug|Any CPU.Build.0 = Debug|Any CPU
		{2DB6D673-439E-4990-843F-B0050B2EF23C}.Debug|x64.ActiveCfg = Debug|Any CPU
		{2DB6D673-439E-4990-843F-B0050B2EF23C}.Debug|x64.Build.0 = Debug|Any CPU
		{2DB6D673-439E-4990-843F-B0050B2EF23C}.Debug|x86.ActiveCfg = Debug|Any CPU
		{2DB6D673-439E-4990-843F-B0050B2EF23C}.Debug|x86.Build.0 = Debug|Any CPU
		{2DB6D673-439E-4990-843F-B0050B2EF23C}.Release|Any CPU.ActiveCfg = Release|Any CPU
		{2DB6D673-439E-4990-843F-B0050B2EF23C}.Release|Any CPU.Build.0 = Release|Any CPU
		{2DB6D673-439E-4990-843F-B0050B2EF23C}.Release|x64.ActiveCfg = Release|Any CPU
		{2DB6D673-439E-4990-843F-B0050B2EF23C}.Release|x64.Build.0 = Release|Any CPU
		{2DB6D673-439E-4990-843F-B0050B2EF23C}.Release|x86.ActiveCfg = Release|Any CPU
		{2DB6D673-439E-4990-843F-B0050B2EF23C}.Release|x86.Build.0 = Release|Any CPU
		{E7BE551E-2789-4F12-A726-D7F015B74AAE}.Debug|Any CPU.ActiveCfg = Debug|Any CPU
		{E7BE551E-2789-4F12-A726-D7F015B74AAE}.Debug|Any CPU.Build.0 = Debug|Any CPU
		{E7BE551E-2789-4F12-A726-D7F015B74AAE}.Debug|x64.ActiveCfg = Debug|Any CPU
		{E7BE551E-2789-4F12-A726-D7F015B74AAE}.Debug|x64.Build.0 = Debug|Any CPU
		{E7BE551E-2789-4F12-A726-D7F015B74AAE}.Debug|x86.ActiveCfg = Debug|Any CPU
		{E7BE551E-2789-4F12-A726-D7F015B74AAE}.Debug|x86.Build.0 = Debug|Any CPU
		{E7BE551E-2789-4F12-A726-D7F015B74AAE}.Release|Any CPU.ActiveCfg = Release|Any CPU
		{E7BE551E-2789-4F12-A726-D7F015B74AAE}.Release|Any CPU.Build.0 = Release|Any CPU
		{E7BE551E-2789-4F12-A726-D7F015B74AAE}.Release|x64.ActiveCfg = Release|Any CPU
		{E7BE551E-2789-4F12-A726-D7F015B74AAE}.Release|x64.Build.0 = Release|Any CPU
		{E7BE551E-2789-4F12-A726-D7F015B74AAE}.Release|x86.ActiveCfg = Release|Any CPU
		{E7BE551E-2789-4F12-A726-D7F015B74AAE}.Release|x86.Build.0 = Release|Any CPU
		{EED9D3EA-A146-4491-B950-913CD482FEFC}.Debug|Any CPU.ActiveCfg = Debug|Any CPU
		{EED9D3EA-A146-4491-B950-913CD482FEFC}.Debug|Any CPU.Build.0 = Debug|Any CPU
		{EED9D3EA-A146-4491-B950-913CD482FEFC}.Debug|x64.ActiveCfg = Debug|Any CPU
		{EED9D3EA-A146-4491-B950-913CD482FEFC}.Debug|x64.Build.0 = Debug|Any CPU
		{EED9D3EA-A146-4491-B950-913CD482FEFC}.Debug|x86.ActiveCfg = Debug|Any CPU
		{EED9D3EA-A146-4491-B950-913CD482FEFC}.Debug|x86.Build.0 = Debug|Any CPU
		{EED9D3EA-A146-4491-B950-913CD482FEFC}.Release|Any CPU.ActiveCfg = Release|Any CPU
		{EED9D3EA-A146-4491-B950-913CD482FEFC}.Release|Any CPU.Build.0 = Release|Any CPU
		{EED9D3EA-A146-4491-B950-913CD482FEFC}.Release|x64.ActiveCfg = Release|Any CPU
		{EED9D3EA-A146-4491-B950-913CD482FEFC}.Release|x64.Build.0 = Release|Any CPU
		{EED9D3EA-A146-4491-B950-913CD482FEFC}.Release|x86.ActiveCfg = Release|Any CPU
		{EED9D3EA-A146-4491-B950-913CD482FEFC}.Release|x86.Build.0 = Release|Any CPU
		{E72D0BC9-7001-46D4-AD47-F2476924238E}.Debug|Any CPU.ActiveCfg = Debug|Any CPU
		{E72D0BC9-7001-46D4-AD47-F2476924238E}.Debug|Any CPU.Build.0 = Debug|Any CPU
		{E72D0BC9-7001-46D4-AD47-F2476924238E}.Debug|x64.ActiveCfg = Debug|Any CPU
		{E72D0BC9-7001-46D4-AD47-F2476924238E}.Debug|x64.Build.0 = Debug|Any CPU
		{E72D0BC9-7001-46D4-AD47-F2476924238E}.Debug|x86.ActiveCfg = Debug|Any CPU
		{E72D0BC9-7001-46D4-AD47-F2476924238E}.Debug|x86.Build.0 = Debug|Any CPU
		{E72D0BC9-7001-46D4-AD47-F2476924238E}.Release|Any CPU.ActiveCfg = Release|Any CPU
		{E72D0BC9-7001-46D4-AD47-F2476924238E}.Release|Any CPU.Build.0 = Release|Any CPU
		{E72D0BC9-7001-46D4-AD47-F2476924238E}.Release|x64.ActiveCfg = Release|Any CPU
		{E72D0BC9-7001-46D4-AD47-F2476924238E}.Release|x64.Build.0 = Release|Any CPU
		{E72D0BC9-7001-46D4-AD47-F2476924238E}.Release|x86.ActiveCfg = Release|Any CPU
		{E72D0BC9-7001-46D4-AD47-F2476924238E}.Release|x86.Build.0 = Release|Any CPU
		{FBD9E34A-0AB2-4719-B9B1-755DA6201384}.Debug|Any CPU.ActiveCfg = Debug|Any CPU
		{FBD9E34A-0AB2-4719-B9B1-755DA6201384}.Debug|Any CPU.Build.0 = Debug|Any CPU
		{FBD9E34A-0AB2-4719-B9B1-755DA6201384}.Debug|x64.ActiveCfg = Debug|Any CPU
		{FBD9E34A-0AB2-4719-B9B1-755DA6201384}.Debug|x64.Build.0 = Debug|Any CPU
		{FBD9E34A-0AB2-4719-B9B1-755DA6201384}.Debug|x86.ActiveCfg = Debug|Any CPU
		{FBD9E34A-0AB2-4719-B9B1-755DA6201384}.Debug|x86.Build.0 = Debug|Any CPU
		{FBD9E34A-0AB2-4719-B9B1-755DA6201384}.Release|Any CPU.ActiveCfg = Release|Any CPU
		{FBD9E34A-0AB2-4719-B9B1-755DA6201384}.Release|Any CPU.Build.0 = Release|Any CPU
		{FBD9E34A-0AB2-4719-B9B1-755DA6201384}.Release|x64.ActiveCfg = Release|Any CPU
		{FBD9E34A-0AB2-4719-B9B1-755DA6201384}.Release|x64.Build.0 = Release|Any CPU
		{FBD9E34A-0AB2-4719-B9B1-755DA6201384}.Release|x86.ActiveCfg = Release|Any CPU
		{FBD9E34A-0AB2-4719-B9B1-755DA6201384}.Release|x86.Build.0 = Release|Any CPU
		{7A9DD78B-7D5F-4F3F-9AD9-EC0C246B6D36}.Debug|Any CPU.ActiveCfg = Debug|Any CPU
		{7A9DD78B-7D5F-4F3F-9AD9-EC0C246B6D36}.Debug|Any CPU.Build.0 = Debug|Any CPU
		{7A9DD78B-7D5F-4F3F-9AD9-EC0C246B6D36}.Debug|x64.ActiveCfg = Debug|Any CPU
		{7A9DD78B-7D5F-4F3F-9AD9-EC0C246B6D36}.Debug|x64.Build.0 = Debug|Any CPU
		{7A9DD78B-7D5F-4F3F-9AD9-EC0C246B6D36}.Debug|x86.ActiveCfg = Debug|Any CPU
		{7A9DD78B-7D5F-4F3F-9AD9-EC0C246B6D36}.Debug|x86.Build.0 = Debug|Any CPU
		{7A9DD78B-7D5F-4F3F-9AD9-EC0C246B6D36}.Release|Any CPU.ActiveCfg = Release|Any CPU
		{7A9DD78B-7D5F-4F3F-9AD9-EC0C246B6D36}.Release|Any CPU.Build.0 = Release|Any CPU
		{7A9DD78B-7D5F-4F3F-9AD9-EC0C246B6D36}.Release|x64.ActiveCfg = Release|Any CPU
		{7A9DD78B-7D5F-4F3F-9AD9-EC0C246B6D36}.Release|x64.Build.0 = Release|Any CPU
		{7A9DD78B-7D5F-4F3F-9AD9-EC0C246B6D36}.Release|x86.ActiveCfg = Release|Any CPU
		{7A9DD78B-7D5F-4F3F-9AD9-EC0C246B6D36}.Release|x86.Build.0 = Release|Any CPU
		{464354DF-243E-4CDE-9391-AA491DBE9EFD}.Debug|Any CPU.ActiveCfg = Debug|Any CPU
		{464354DF-243E-4CDE-9391-AA491DBE9EFD}.Debug|Any CPU.Build.0 = Debug|Any CPU
		{464354DF-243E-4CDE-9391-AA491DBE9EFD}.Debug|x64.ActiveCfg = Debug|Any CPU
		{464354DF-243E-4CDE-9391-AA491DBE9EFD}.Debug|x64.Build.0 = Debug|Any CPU
		{464354DF-243E-4CDE-9391-AA491DBE9EFD}.Debug|x86.ActiveCfg = Debug|Any CPU
		{464354DF-243E-4CDE-9391-AA491DBE9EFD}.Debug|x86.Build.0 = Debug|Any CPU
		{464354DF-243E-4CDE-9391-AA491DBE9EFD}.Release|Any CPU.ActiveCfg = Release|Any CPU
		{464354DF-243E-4CDE-9391-AA491DBE9EFD}.Release|Any CPU.Build.0 = Release|Any CPU
		{464354DF-243E-4CDE-9391-AA491DBE9EFD}.Release|x64.ActiveCfg = Release|Any CPU
		{464354DF-243E-4CDE-9391-AA491DBE9EFD}.Release|x64.Build.0 = Release|Any CPU
		{464354DF-243E-4CDE-9391-AA491DBE9EFD}.Release|x86.ActiveCfg = Release|Any CPU
		{464354DF-243E-4CDE-9391-AA491DBE9EFD}.Release|x86.Build.0 = Release|Any CPU
		{4D9233DB-4F57-4635-95DC-ACC20ED3018A}.Debug|Any CPU.ActiveCfg = Debug|Any CPU
		{4D9233DB-4F57-4635-95DC-ACC20ED3018A}.Debug|Any CPU.Build.0 = Debug|Any CPU
		{4D9233DB-4F57-4635-95DC-ACC20ED3018A}.Debug|x64.ActiveCfg = Debug|Any CPU
		{4D9233DB-4F57-4635-95DC-ACC20ED3018A}.Debug|x64.Build.0 = Debug|Any CPU
		{4D9233DB-4F57-4635-95DC-ACC20ED3018A}.Debug|x86.ActiveCfg = Debug|Any CPU
		{4D9233DB-4F57-4635-95DC-ACC20ED3018A}.Debug|x86.Build.0 = Debug|Any CPU
		{4D9233DB-4F57-4635-95DC-ACC20ED3018A}.Release|Any CPU.ActiveCfg = Release|Any CPU
		{4D9233DB-4F57-4635-95DC-ACC20ED3018A}.Release|Any CPU.Build.0 = Release|Any CPU
		{4D9233DB-4F57-4635-95DC-ACC20ED3018A}.Release|x64.ActiveCfg = Release|Any CPU
		{4D9233DB-4F57-4635-95DC-ACC20ED3018A}.Release|x64.Build.0 = Release|Any CPU
		{4D9233DB-4F57-4635-95DC-ACC20ED3018A}.Release|x86.ActiveCfg = Release|Any CPU
		{4D9233DB-4F57-4635-95DC-ACC20ED3018A}.Release|x86.Build.0 = Release|Any CPU
		{DE21EA25-8395-43E1-80EE-748C400C68A0}.Debug|Any CPU.ActiveCfg = Debug|Any CPU
		{DE21EA25-8395-43E1-80EE-748C400C68A0}.Debug|Any CPU.Build.0 = Debug|Any CPU
		{DE21EA25-8395-43E1-80EE-748C400C68A0}.Debug|x64.ActiveCfg = Debug|Any CPU
		{DE21EA25-8395-43E1-80EE-748C400C68A0}.Debug|x64.Build.0 = Debug|Any CPU
		{DE21EA25-8395-43E1-80EE-748C400C68A0}.Debug|x86.ActiveCfg = Debug|Any CPU
		{DE21EA25-8395-43E1-80EE-748C400C68A0}.Debug|x86.Build.0 = Debug|Any CPU
		{DE21EA25-8395-43E1-80EE-748C400C68A0}.Release|Any CPU.ActiveCfg = Release|Any CPU
		{DE21EA25-8395-43E1-80EE-748C400C68A0}.Release|Any CPU.Build.0 = Release|Any CPU
		{DE21EA25-8395-43E1-80EE-748C400C68A0}.Release|x64.ActiveCfg = Release|Any CPU
		{DE21EA25-8395-43E1-80EE-748C400C68A0}.Release|x64.Build.0 = Release|Any CPU
		{DE21EA25-8395-43E1-80EE-748C400C68A0}.Release|x86.ActiveCfg = Release|Any CPU
		{DE21EA25-8395-43E1-80EE-748C400C68A0}.Release|x86.Build.0 = Release|Any CPU
		{2DAAD4C7-AF30-43B4-802F-937F6C7A5A9A}.Debug|Any CPU.ActiveCfg = Debug|Any CPU
		{2DAAD4C7-AF30-43B4-802F-937F6C7A5A9A}.Debug|Any CPU.Build.0 = Debug|Any CPU
		{2DAAD4C7-AF30-43B4-802F-937F6C7A5A9A}.Debug|x64.ActiveCfg = Debug|Any CPU
		{2DAAD4C7-AF30-43B4-802F-937F6C7A5A9A}.Debug|x64.Build.0 = Debug|Any CPU
		{2DAAD4C7-AF30-43B4-802F-937F6C7A5A9A}.Debug|x86.ActiveCfg = Debug|Any CPU
		{2DAAD4C7-AF30-43B4-802F-937F6C7A5A9A}.Debug|x86.Build.0 = Debug|Any CPU
		{2DAAD4C7-AF30-43B4-802F-937F6C7A5A9A}.Release|Any CPU.ActiveCfg = Release|Any CPU
		{2DAAD4C7-AF30-43B4-802F-937F6C7A5A9A}.Release|Any CPU.Build.0 = Release|Any CPU
		{2DAAD4C7-AF30-43B4-802F-937F6C7A5A9A}.Release|x64.ActiveCfg = Release|Any CPU
		{2DAAD4C7-AF30-43B4-802F-937F6C7A5A9A}.Release|x64.Build.0 = Release|Any CPU
		{2DAAD4C7-AF30-43B4-802F-937F6C7A5A9A}.Release|x86.ActiveCfg = Release|Any CPU
		{2DAAD4C7-AF30-43B4-802F-937F6C7A5A9A}.Release|x86.Build.0 = Release|Any CPU
		{83A2CC6C-8735-41CC-8CA6-C66B711509FF}.Debug|Any CPU.ActiveCfg = Debug|Any CPU
		{83A2CC6C-8735-41CC-8CA6-C66B711509FF}.Debug|Any CPU.Build.0 = Debug|Any CPU
		{83A2CC6C-8735-41CC-8CA6-C66B711509FF}.Debug|x64.ActiveCfg = Debug|Any CPU
		{83A2CC6C-8735-41CC-8CA6-C66B711509FF}.Debug|x64.Build.0 = Debug|Any CPU
		{83A2CC6C-8735-41CC-8CA6-C66B711509FF}.Debug|x86.ActiveCfg = Debug|Any CPU
		{83A2CC6C-8735-41CC-8CA6-C66B711509FF}.Debug|x86.Build.0 = Debug|Any CPU
		{83A2CC6C-8735-41CC-8CA6-C66B711509FF}.Release|Any CPU.ActiveCfg = Release|Any CPU
		{83A2CC6C-8735-41CC-8CA6-C66B711509FF}.Release|Any CPU.Build.0 = Release|Any CPU
		{83A2CC6C-8735-41CC-8CA6-C66B711509FF}.Release|x64.ActiveCfg = Release|Any CPU
		{83A2CC6C-8735-41CC-8CA6-C66B711509FF}.Release|x64.Build.0 = Release|Any CPU
		{83A2CC6C-8735-41CC-8CA6-C66B711509FF}.Release|x86.ActiveCfg = Release|Any CPU
		{83A2CC6C-8735-41CC-8CA6-C66B711509FF}.Release|x86.Build.0 = Release|Any CPU
		{E6D5B819-ECA1-4CF0-8294-8451569B91F6}.Debug|Any CPU.ActiveCfg = Debug|Any CPU
		{E6D5B819-ECA1-4CF0-8294-8451569B91F6}.Debug|Any CPU.Build.0 = Debug|Any CPU
		{E6D5B819-ECA1-4CF0-8294-8451569B91F6}.Debug|x64.ActiveCfg = Debug|Any CPU
		{E6D5B819-ECA1-4CF0-8294-8451569B91F6}.Debug|x64.Build.0 = Debug|Any CPU
		{E6D5B819-ECA1-4CF0-8294-8451569B91F6}.Debug|x86.ActiveCfg = Debug|Any CPU
		{E6D5B819-ECA1-4CF0-8294-8451569B91F6}.Debug|x86.Build.0 = Debug|Any CPU
		{E6D5B819-ECA1-4CF0-8294-8451569B91F6}.Release|Any CPU.ActiveCfg = Release|Any CPU
		{E6D5B819-ECA1-4CF0-8294-8451569B91F6}.Release|Any CPU.Build.0 = Release|Any CPU
		{E6D5B819-ECA1-4CF0-8294-8451569B91F6}.Release|x64.ActiveCfg = Release|Any CPU
		{E6D5B819-ECA1-4CF0-8294-8451569B91F6}.Release|x64.Build.0 = Release|Any CPU
		{E6D5B819-ECA1-4CF0-8294-8451569B91F6}.Release|x86.ActiveCfg = Release|Any CPU
		{E6D5B819-ECA1-4CF0-8294-8451569B91F6}.Release|x86.Build.0 = Release|Any CPU
		{3043439A-BF32-4A31-A457-6DB0FBEAE3D3}.Debug|Any CPU.ActiveCfg = Debug|Any CPU
		{3043439A-BF32-4A31-A457-6DB0FBEAE3D3}.Debug|Any CPU.Build.0 = Debug|Any CPU
		{3043439A-BF32-4A31-A457-6DB0FBEAE3D3}.Debug|x64.ActiveCfg = Debug|Any CPU
		{3043439A-BF32-4A31-A457-6DB0FBEAE3D3}.Debug|x64.Build.0 = Debug|Any CPU
		{3043439A-BF32-4A31-A457-6DB0FBEAE3D3}.Debug|x86.ActiveCfg = Debug|Any CPU
		{3043439A-BF32-4A31-A457-6DB0FBEAE3D3}.Debug|x86.Build.0 = Debug|Any CPU
		{3043439A-BF32-4A31-A457-6DB0FBEAE3D3}.Release|Any CPU.ActiveCfg = Release|Any CPU
		{3043439A-BF32-4A31-A457-6DB0FBEAE3D3}.Release|Any CPU.Build.0 = Release|Any CPU
		{3043439A-BF32-4A31-A457-6DB0FBEAE3D3}.Release|x64.ActiveCfg = Release|Any CPU
		{3043439A-BF32-4A31-A457-6DB0FBEAE3D3}.Release|x64.Build.0 = Release|Any CPU
		{3043439A-BF32-4A31-A457-6DB0FBEAE3D3}.Release|x86.ActiveCfg = Release|Any CPU
		{3043439A-BF32-4A31-A457-6DB0FBEAE3D3}.Release|x86.Build.0 = Release|Any CPU
		{B8EC95C0-7860-46D9-A102-CEB479CEBD0D}.Debug|Any CPU.ActiveCfg = Debug|Any CPU
		{B8EC95C0-7860-46D9-A102-CEB479CEBD0D}.Debug|Any CPU.Build.0 = Debug|Any CPU
		{B8EC95C0-7860-46D9-A102-CEB479CEBD0D}.Debug|x64.ActiveCfg = Debug|Any CPU
		{B8EC95C0-7860-46D9-A102-CEB479CEBD0D}.Debug|x64.Build.0 = Debug|Any CPU
		{B8EC95C0-7860-46D9-A102-CEB479CEBD0D}.Debug|x86.ActiveCfg = Debug|Any CPU
		{B8EC95C0-7860-46D9-A102-CEB479CEBD0D}.Debug|x86.Build.0 = Debug|Any CPU
		{B8EC95C0-7860-46D9-A102-CEB479CEBD0D}.Release|Any CPU.ActiveCfg = Release|Any CPU
		{B8EC95C0-7860-46D9-A102-CEB479CEBD0D}.Release|Any CPU.Build.0 = Release|Any CPU
		{B8EC95C0-7860-46D9-A102-CEB479CEBD0D}.Release|x64.ActiveCfg = Release|Any CPU
		{B8EC95C0-7860-46D9-A102-CEB479CEBD0D}.Release|x64.Build.0 = Release|Any CPU
		{B8EC95C0-7860-46D9-A102-CEB479CEBD0D}.Release|x86.ActiveCfg = Release|Any CPU
		{B8EC95C0-7860-46D9-A102-CEB479CEBD0D}.Release|x86.Build.0 = Release|Any CPU
	EndGlobalSection
	GlobalSection(NestedProjects) = preSolution
		{044129D6-FC8A-49E4-9CAA-168CB1D46EA3} = {D0CA687F-2035-4D71-A278-5C280FFC7950}
		{C88CE3ED-AC39-428A-8AF2-55F94EE9B380} = {D0CA687F-2035-4D71-A278-5C280FFC7950}
		{9B93F221-1ABB-4840-97E9-FD5D14CD6D21} = {D0CA687F-2035-4D71-A278-5C280FFC7950}
		{CC674F6D-B050-47D8-94A3-540900F9418B} = {D0CA687F-2035-4D71-A278-5C280FFC7950}
		{2DB6D673-439E-4990-843F-B0050B2EF23C} = {D0CA687F-2035-4D71-A278-5C280FFC7950}
		{E7BE551E-2789-4F12-A726-D7F015B74AAE} = {64714004-876D-4D49-B06A-2B022E3C2B9B}
		{EED9D3EA-A146-4491-B950-913CD482FEFC} = {64714004-876D-4D49-B06A-2B022E3C2B9B}
		{E72D0BC9-7001-46D4-AD47-F2476924238E} = {64714004-876D-4D49-B06A-2B022E3C2B9B}
		{FBD9E34A-0AB2-4719-B9B1-755DA6201384} = {64714004-876D-4D49-B06A-2B022E3C2B9B}
		{7A9DD78B-7D5F-4F3F-9AD9-EC0C246B6D36} = {64714004-876D-4D49-B06A-2B022E3C2B9B}
		{464354DF-243E-4CDE-9391-AA491DBE9EFD} = {64714004-876D-4D49-B06A-2B022E3C2B9B}
		{4D9233DB-4F57-4635-95DC-ACC20ED3018A} = {D0CA687F-2035-4D71-A278-5C280FFC7950}
		{DE21EA25-8395-43E1-80EE-748C400C68A0} = {64714004-876D-4D49-B06A-2B022E3C2B9B}
		{2DAAD4C7-AF30-43B4-802F-937F6C7A5A9A} = {D0CA687F-2035-4D71-A278-5C280FFC7950}
		{E6D5B819-ECA1-4CF0-8294-8451569B91F6} = {64714004-876D-4D49-B06A-2B022E3C2B9B}
		{83A2CC6C-8735-41CC-8CA6-C66B711509FF} = {D0CA687F-2035-4D71-A278-5C280FFC7950}
		{3043439A-BF32-4A31-A457-6DB0FBEAE3D3} = {D0CA687F-2035-4D71-A278-5C280FFC7950}
		{B8EC95C0-7860-46D9-A102-CEB479CEBD0D} = {64714004-876D-4D49-B06A-2B022E3C2B9B}
	EndGlobalSection
EndGlobal
